PODS:
  - ScrollingFormHelper (0.1.2)

DEPENDENCIES:
  - ScrollingFormHelper (from `../`)

EXTERNAL SOURCES:
  ScrollingFormHelper:
    :path: "../"

SPEC CHECKSUMS:
  ScrollingFormHelper: 39d38f30f0a7af98f54d4ea3d1a50bd85705c9d6

PODFILE CHECKSUM: 864b67664801173e0bb80beb84447518b66c3975

COCOAPODS: 1.11.3
